github.com/corysakti/go-mod-say-hello v1.0.0 h1:6yxgREV6zSD4D/dw2tGrQVaP+0EbkREy6NHgDaMmmns=
github.com/corysakti/go-mod-say-hello v1.0.0/go.mod h1:jkgoaEnawuBSQKvAOqHQ2lVLe75UMwCgiB5tmHa9GIo=
github.com/corysakti/go-mod-say-hello v1.0.1 h1:3Gjp+hvLoEuNoISxB5pBZt/vN2RjIYYihqK0fP7yQGM=
github.com/corysakti/go-mod-say-hello v1.0.1/go.mod h1:swLqFNAKyTB+Ap+mVP3tC21QuOIQjBeMIAVydbw/IIg=
